PODS:
  - GGGesturePasswordView (0.1.1)

DEPENDENCIES:
  - GGGesturePasswordView (from `../`)

EXTERNAL SOURCES:
  GGGesturePasswordView:
    :path: "../"

SPEC CHECKSUMS:
  GGGesturePasswordView: 1d2774f0c6189785c85afcd50f3e58d9d0d179a8

PODFILE CHECKSUM: 6834d839c52aaaf89dbc4223f041b27871a5fe59

COCOAPODS: 1.15.2
