PODS:
  - GGGesturePasswordView (0.1.1)

DEPENDENCIES:
  - GGGesturePasswordView (from `../`)

EXTERNAL SOURCES:
  GGGesturePasswordView:
    :path: "../"

SPEC CHECKSUMS:
  GGGesturePasswordView: cd0290d70d86e64f54e59b25134a7c5ad0f68460

PODFILE CHECKSUM: 6834d839c52aaaf89dbc4223f041b27871a5fe59

COCOAPODS: 1.15.2
