PODS:
  - GGGesturePasswordView (0.1.1)

DEPENDENCIES:
  - GGGesturePasswordView (from `../`)

EXTERNAL SOURCES:
  GGGesturePasswordView:
    :path: "../"

SPEC CHECKSUMS:
  GGGesturePasswordView: 7db879bab23c0fe7b4c359818ea48d8f1d572956

PODFILE CHECKSUM: 6834d839c52aaaf89dbc4223f041b27871a5fe59

COCOAPODS: 1.16.2
